
Microsoft Visual Studio Solution File, Format Version 12.00
Project("{FAE04EC0-301F-11D3-BF4B-00C04F79EFBC}") = "NOST", "src\NOST.csproj", "{9188DA84-3717-47A0-BF83-55B81A224D0D}"
EndProject
Global
	GlobalSection(SolutionConfigurationPlatforms) = preSolution
		Debug|Any CPU = Debug|Any CPU
		Release|Any CPU = Release|Any CPU
	EndGlobalSection
	GlobalSection(ProjectConfigurationPlatforms) = postSolution
		{9188DA84-3717-47A0-BF83-55B81A224D0D}.Debug|Any CPU.ActiveCfg = Debug|Any CPU
		{9188DA84-3717-47A0-BF83-55B81A224D0D}.Debug|Any CPU.Build.0 = Debug|Any CPU
		{9188DA84-3717-47A0-BF83-55B81A224D0D}.Release|Any CPU.ActiveCfg = Release|Any CPU
		{9188DA84-3717-47A0-BF83-55B81A224D0D}.Release|Any CPU.Build.0 = Release|Any CPU
	EndGlobalSection
EndGlobal
